
Microsoft Visual Studio Solution File, Format Version 12.00
# Visual Studio Version 17
VisualStudioVersion = 17.11.35431.28
MinimumVisualStudioVersion = 10.0.40219.1
Project("{FAE04EC0-301F-11D3-BF4B-00C04F79EFBC}") = "Codemindful.AI", "Codemindful.AI\Codemindful.AI.csproj", "{544C5046-488B-45F5-BA84-BBFCC8E9FCFF}"
EndProject
Global
	GlobalSection(SolutionConfigurationPlatforms) = preSolution
		Debug|Any CPU = Debug|Any CPU
		Release|Any CPU = Release|Any CPU
	EndGlobalSection
	GlobalSection(ProjectConfigurationPlatforms) = postSolution
		{544C5046-488B-45F5-BA84-BBFCC8E9FCFF}.Debug|Any CPU.ActiveCfg = Debug|Any CPU
		{544C5046-488B-45F5-BA84-BBFCC8E9FCFF}.Debug|Any CPU.Build.0 = Debug|Any CPU
		{544C5046-488B-45F5-BA84-BBFCC8E9FCFF}.Release|Any CPU.ActiveCfg = Release|Any CPU
		{544C5046-488B-45F5-BA84-BBFCC8E9FCFF}.Release|Any CPU.Build.0 = Release|Any CPU
	EndGlobalSection
	GlobalSection(SolutionProperties) = preSolution
		HideSolutionNode = FALSE
	EndGlobalSection
	GlobalSection(ExtensibilityGlobals) = postSolution
		SolutionGuid = {5CCD07FD-D3D3-43D1-B28D-18D6EBF0014C}
	EndGlobalSection
EndGlobal
